
Microsoft Visual Studio Solution File, Format Version 12.00
# Visual Studio Version 17
VisualStudioVersion = 17.0.32126.317
MinimumVisualStudioVersion = 10.0.40219.1
Project("{FAE04EC0-301F-11D3-BF4B-00C04F79EFBC}") = "AllDailyDuties-AuthService", "AllDailyDuties-AuthService\AllDailyDuties-AuthService.csproj", "{BF135CAB-3396-4432-9779-48D329643FC9}"
EndProject
Global
	GlobalSection(SolutionConfigurationPlatforms) = preSolution
		Debug|Any CPU = Debug|Any CPU
		Release|Any CPU = Release|Any CPU
	EndGlobalSection
	GlobalSection(ProjectConfigurationPlatforms) = postSolution
		{BF135CAB-3396-4432-9779-48D329643FC9}.Debug|Any CPU.ActiveCfg = Debug|Any CPU
		{BF135CAB-3396-4432-9779-48D329643FC9}.Debug|Any CPU.Build.0 = Debug|Any CPU
		{BF135CAB-3396-4432-9779-48D329643FC9}.Release|Any CPU.ActiveCfg = Release|Any CPU
		{BF135CAB-3396-4432-9779-48D329643FC9}.Release|Any CPU.Build.0 = Release|Any CPU
	EndGlobalSection
	GlobalSection(SolutionProperties) = preSolution
		HideSolutionNode = FALSE
	EndGlobalSection
	GlobalSection(ExtensibilityGlobals) = postSolution
		SolutionGuid = {A7BCE495-131B-40A9-98A9-3FE1E8FFFACE}
	EndGlobalSection
EndGlobal
